// !$*UTF8*$!
{
	archiveVersion = 1;
	classes = {
	};
	objectVersion = 48;
	objects = {

/* Begin PBXBuildFile section */
		6DCB448F2054493C0007C515 /* AppDelegate.swift in Sources */ = {isa = PBXBuildFile; fileRef = 6DCB448E2054493C0007C515 /* AppDelegate.swift */; };
		6DCB44942054493C0007C515 /* Main.storyboard in Resources */ = {isa = PBXBuildFile; fileRef = 6DCB44922054493C0007C515 /* Main.storyboard */; };
		6DCB44972054493C0007C515 /* Routes.xcdatamodeld in Sources */ = {isa = PBXBuildFile; fileRef = 6DCB44952054493C0007C515 /* Routes.xcdatamodeld */; };
		6DCB44992054493C0007C515 /* Assets.xcassets in Resources */ = {isa = PBXBuildFile; fileRef = 6DCB44982054493C0007C515 /* Assets.xcassets */; };
		6DCB449C2054493C0007C515 /* LaunchScreen.storyboard in Resources */ = {isa = PBXBuildFile; fileRef = 6DCB449A2054493C0007C515 /* LaunchScreen.storyboard */; };
		6DCB44A4205449650007C515 /* routes.xml in Resources */ = {isa = PBXBuildFile; fileRef = 6DCB44A3205449650007C515 /* routes.xml */; };
		6DCB44A620544AB10007C515 /* RoutesViewController.swift in Sources */ = {isa = PBXBuildFile; fileRef = 6DCB44A520544AB10007C515 /* RoutesViewController.swift */; };
		6DCB44AA20544B8A0007C515 /* Route.swift in Sources */ = {isa = PBXBuildFile; fileRef = 6DCB44A920544B8A0007C515 /* Route.swift */; };
/* End PBXBuildFile section */

/* Begin PBXFileReference section */
		6DCB448B2054493C0007C515 /* Routes.app */ = {isa = PBXFileReference; explicitFileType = wrapper.application; includeInIndex = 0; path = Routes.app; sourceTree = BUILT_PRODUCTS_DIR; };
		6DCB448E2054493C0007C515 /* AppDelegate.swift */ = {isa = PBXFileReference; lastKnownFileType = sourcecode.swift; path = AppDelegate.swift; sourceTree = "<group>"; };
		6DCB44932054493C0007C515 /* Base */ = {isa = PBXFileReference; lastKnownFileType = file.storyboard; name = Base; path = Base.lproj/Main.storyboard; sourceTree = "<group>"; };
		6DCB44962054493C0007C515 /* Routes.xcdatamodel */ = {isa = PBXFileReference; lastKnownFileType = wrapper.xcdatamodel; path = Routes.xcdatamodel; sourceTree = "<group>"; };
		6DCB44982054493C0007C515 /* Assets.xcassets */ = {isa = PBXFileReference; lastKnownFileType = folder.assetcatalog; path = Assets.xcassets; sourceTree = "<group>"; };
		6DCB449B2054493C0007C515 /* Base */ = {isa = PBXFileReference; lastKnownFileType = file.storyboard; name = Base; path = Base.lproj/LaunchScreen.storyboard; sourceTree = "<group>"; };
		6DCB449D2054493C0007C515 /* Info.plist */ = {isa = PBXFileReference; lastKnownFileType = text.plist.xml; path = Info.plist; sourceTree = "<group>"; };
		6DCB44A3205449650007C515 /* routes.xml */ = {isa = PBXFileReference; fileEncoding = 4; lastKnownFileType = text.xml; path = routes.xml; sourceTree = "<group>"; };
		6DCB44A520544AB10007C515 /* RoutesViewController.swift */ = {isa = PBXFileReference; lastKnownFileType = sourcecode.swift; path = RoutesViewController.swift; sourceTree = "<group>"; };
		6DCB44A920544B8A0007C515 /* Route.swift */ = {isa = PBXFileReference; lastKnownFileType = sourcecode.swift; path = Route.swift; sourceTree = "<group>"; };
/* End PBXFileReference section */

/* Begin PBXFrameworksBuildPhase section */
		6DCB44882054493C0007C515 /* Frameworks */ = {
			isa = PBXFrameworksBuildPhase;
			buildActionMask = 2147483647;
			files = (
			);
			runOnlyForDeploymentPostprocessing = 0;
		};
/* End PBXFrameworksBuildPhase section */

/* Begin PBXGroup section */
		6DCB44822054493C0007C515 = {
			isa = PBXGroup;
			children = (
				6DCB448D2054493C0007C515 /* Routes */,
				6DCB448C2054493C0007C515 /* Products */,
			);
			sourceTree = "<group>";
		};
		6DCB448C2054493C0007C515 /* Products */ = {
			isa = PBXGroup;
			children = (
				6DCB448B2054493C0007C515 /* Routes.app */,
			);
			name = Products;
			sourceTree = "<group>";
		};
		6DCB448D2054493C0007C515 /* Routes */ = {
			isa = PBXGroup;
			children = (
				6DCB448E2054493C0007C515 /* AppDelegate.swift */,
				6DCB44922054493C0007C515 /* Main.storyboard */,
				6DCB44982054493C0007C515 /* Assets.xcassets */,
				6DCB449A2054493C0007C515 /* LaunchScreen.storyboard */,
				6DCB449D2054493C0007C515 /* Info.plist */,
				6DCB44A3205449650007C515 /* routes.xml */,
				6DCB44952054493C0007C515 /* Routes.xcdatamodeld */,
				6DCB44A520544AB10007C515 /* RoutesViewController.swift */,
				6DCB44A920544B8A0007C515 /* Route.swift */,
			);
			path = Routes;
			sourceTree = "<group>";
		};
/* End PBXGroup section */

/* Begin PBXNativeTarget section */
		6DCB448A2054493C0007C515 /* Routes */ = {
			isa = PBXNativeTarget;
			buildConfigurationList = 6DCB44A02054493C0007C515 /* Build configuration list for PBXNativeTarget "Routes" */;
			buildPhases = (
				6DCB44872054493C0007C515 /* Sources */,
				6DCB44882054493C0007C515 /* Frameworks */,
				6DCB44892054493C0007C515 /* Resources */,
			);
			buildRules = (
			);
			dependencies = (
			);
			name = Routes;
			productName = Routes;
			productReference = 6DCB448B2054493C0007C515 /* Routes.app */;
			productType = "com.apple.product-type.application";
		};
/* End PBXNativeTarget section */

/* Begin PBXProject section */
		6DCB44832054493C0007C515 /* Project object */ = {
			isa = PBXProject;
			attributes = {
				LastSwiftUpdateCheck = 0920;
				LastUpgradeCheck = 0920;
				ORGANIZATIONNAME = "New Mexico State University";
				TargetAttributes = {
					6DCB448A2054493C0007C515 = {
						CreatedOnToolsVersion = 9.2;
						ProvisioningStyle = Automatic;
					};
				};
			};
			buildConfigurationList = 6DCB44862054493C0007C515 /* Build configuration list for PBXProject "Routes" */;
			compatibilityVersion = "Xcode 8.0";
			developmentRegion = en;
			hasScannedForEncodings = 0;
			knownRegions = (
				en,
				Base,
			);
			mainGroup = 6DCB44822054493C0007C515;
			productRefGroup = 6DCB448C2054493C0007C515 /* Products */;
			projectDirPath = "";
			projectRoot = "";
			targets = (
				6DCB448A2054493C0007C515 /* Routes */,
			);
		};
/* End PBXProject section */

/* Begin PBXResourcesBuildPhase section */
		6DCB44892054493C0007C515 /* Resources */ = {
			isa = PBXResourcesBuildPhase;
			buildActionMask = 2147483647;
			files = (
				6DCB449C2054493C0007C515 /* LaunchScreen.storyboard in Resources */,
				6DCB44992054493C0007C515 /* Assets.xcassets in Resources */,
				6DCB44942054493C0007C515 /* Main.storyboard in Resources */,
				6DCB44A4205449650007C515 /* routes.xml in Resources */,
			);
			runOnlyForDeploymentPostprocessing = 0;
		};
/* End PBXResourcesBuildPhase section */

/* Begin PBXSourcesBuildPhase section */
		6DCB44872054493C0007C515 /* Sources */ = {
			isa = PBXSourcesBuildPhase;
			buildActionMask = 2147483647;
			files = (
				6DCB44972054493C0007C515 /* Routes.xcdatamodeld in Sources */,
				6DCB44AA20544B8A0007C515 /* Route.swift in Sources */,
				6DCB44A620544AB10007C515 /* RoutesViewController.swift in Sources */,
				6DCB448F2054493C0007C515 /* AppDelegate.swift in Sources */,
			);
			runOnlyForDeploymentPostprocessing = 0;
		};
/* End PBXSourcesBuildPhase section */

/* Begin PBXVariantGroup section */
		6DCB44922054493C0007C515 /* Main.storyboard */ = {
			isa = PBXVariantGroup;
			children = (
				6DCB44932054493C0007C515 /* Base */,
			);
			name = Main.storyboard;
			sourceTree = "<group>";
		};
		6DCB449A2054493C0007C515 /* LaunchScreen.storyboard */ = {
			isa = PBXVariantGroup;
			children = (
				6DCB449B2054493C0007C515 /* Base */,
			);
			name = LaunchScreen.storyboard;
			sourceTree = "<group>";
		};
/* End PBXVariantGroup section */

/* Begin XCBuildConfiguration section */
		6DCB449E2054493C0007C515 /* Debug */ = {
			isa = XCBuildConfiguration;
			buildSettings = {
				ALWAYS_SEARCH_USER_PATHS = NO;
				CLANG_ANALYZER_NONNULL = YES;
				CLANG_ANALYZER_NUMBER_OBJECT_CONVERSION = YES_AGGRESSIVE;
				CLANG_CXX_LANGUAGE_STANDARD = "gnu++14";
				CLANG_CXX_LIBRARY = "libc++";
				CLANG_ENABLE_MODULES = YES;
				CLANG_ENABLE_OBJC_ARC = YES;
				CLANG_WARN_BLOCK_CAPTURE_AUTORELEASING = YES;
				CLANG_WARN_BOOL_CONVERSION = YES;
				CLANG_WARN_COMMA = YES;
				CLANG_WARN_CONSTANT_CONVERSION = YES;
				CLANG_WARN_DIRECT_OBJC_ISA_USAGE = YES_ERROR;
				CLANG_WARN_DOCUMENTATION_COMMENTS = YES;
				CLANG_WARN_EMPTY_BODY = YES;
				CLANG_WARN_ENUM_CONVERSION = YES;
				CLANG_WARN_INFINITE_RECURSION = YES;
				CLANG_WARN_INT_CONVERSION = YES;
				CLANG_WARN_NON_LITERAL_NULL_CONVERSION = YES;
				CLANG_WARN_OBJC_LITERAL_CONVERSION = YES;
				CLANG_WARN_OBJC_ROOT_CLASS = YES_ERROR;
				CLANG_WARN_RANGE_LOOP_ANALYSIS = YES;
				CLANG_WARN_STRICT_PROTOTYPES = YES;
				CLANG_WARN_SUSPICIOUS_MOVE = YES;
				CLANG_WARN_UNGUARDED_AVAILABILITY = YES_AGGRESSIVE;
				CLANG_WARN_UNREACHABLE_CODE = YES;
				CLANG_WARN__DUPLICATE_METHOD_MATCH = YES;
				CODE_SIGN_IDENTITY = "iPhone Developer";
				COPY_PHASE_STRIP = NO;
				DEBUG_INFORMATION_FORMAT = dwarf;
				ENABLE_STRICT_OBJC_MSGSEND = YES;
				ENABLE_TESTABILITY = YES;
				GCC_C_LANGUAGE_STANDARD = gnu11;
				GCC_DYNAMIC_NO_PIC = NO;
				GCC_NO_COMMON_BLOCKS = YES;
				GCC_OPTIMIZATION_LEVEL = 0;
				GCC_PREPROCESSOR_DEFINITIONS = (
					"DEBUG=1",
					"$(inherited)",
				);
				GCC_WARN_64_TO_32_BIT_CONVERSION = YES;
				GCC_WARN_ABOUT_RETURN_TYPE = YES_ERROR;
				GCC_WARN_UNDECLARED_SELECTOR = YES;
				GCC_WARN_UNINITIALIZED_AUTOS = YES_AGGRESSIVE;
				GCC_WARN_UNUSED_FUNCTION = YES;
				GCC_WARN_UNUSED_VARIABLE = YES;
				IPHONEOS_DEPLOYMENT_TARGET = 11.2;
				MTL_ENABLE_DEBUG_INFO = YES;
				ONLY_ACTIVE_ARCH = YES;
				SDKROOT = iphoneos;
				SWIFT_ACTIVE_COMPILATION_CONDITIONS = DEBUG;
				SWIFT_OPTIMIZATION_LEVEL = "-Onone";
			};
			name = Debug;
		};
		6DCB449F2054493C0007C515 /* Release */ = {
			isa = XCBuildConfiguration;
			buildSettings = {
				ALWAYS_SEARCH_USER_PATHS = NO;
				CLANG_ANALYZER_NONNULL = YES;
				CLANG_ANALYZER_NUMBER_OBJECT_CONVERSION = YES_AGGRESSIVE;
				CLANG_CXX_LANGUAGE_STANDARD = "gnu++14";
				CLANG_CXX_LIBRARY = "libc++";
				CLANG_ENABLE_MODULES = YES;
				CLANG_ENABLE_OBJC_ARC = YES;
				CLANG_WARN_BLOCK_CAPTURE_AUTORELEASING = YES;
				CLANG_WARN_BOOL_CONVERSION = YES;
				CLANG_WARN_COMMA = YES;
				CLANG_WARN_CONSTANT_CONVERSION = YES;
				CLANG_WARN_DIRECT_OBJC_ISA_USAGE = YES_ERROR;
				CLANG_WARN_DOCUMENTATION_COMMENTS = YES;
				CLANG_WARN_EMPTY_BODY = YES;
				CLANG_WARN_ENUM_CONVERSION = YES;
				CLANG_WARN_INFINITE_RECURSION = YES;
				CLANG_WARN_INT_CONVERSION = YES;
				CLANG_WARN_NON_LITERAL_NULL_CONVERSION = YES;
				CLANG_WARN_OBJC_LITERAL_CONVERSION = YES;
				CLANG_WARN_OBJC_ROOT_CLASS = YES_ERROR;
				CLANG_WARN_RANGE_LOOP_ANALYSIS = YES;
				CLANG_WARN_STRICT_PROTOTYPES = YES;
				CLANG_WARN_SUSPICIOUS_MOVE = YES;
				CLANG_WARN_UNGUARDED_AVAILABILITY = YES_AGGRESSIVE;
				CLANG_WARN_UNREACHABLE_CODE = YES;
				CLANG_WARN__DUPLICATE_METHOD_MATCH = YES;
				CODE_SIGN_IDENTITY = "iPhone Developer";
				COPY_PHASE_STRIP = NO;
				DEBUG_INFORMATION_FORMAT = "dwarf-with-dsym";
				ENABLE_NS_ASSERTIONS = NO;
				ENABLE_STRICT_OBJC_MSGSEND = YES;
				GCC_C_LANGUAGE_STANDARD = gnu11;
				GCC_NO_COMMON_BLOCKS = YES;
				GCC_WARN_64_TO_32_BIT_CONVERSION = YES;
				GCC_WARN_ABOUT_RETURN_TYPE = YES_ERROR;
				GCC_WARN_UNDECLARED_SELECTOR = YES;
				GCC_WARN_UNINITIALIZED_AUTOS = YES_AGGRESSIVE;
				GCC_WARN_UNUSED_FUNCTION = YES;
				GCC_WARN_UNUSED_VARIABLE = YES;
				IPHONEOS_DEPLOYMENT_TARGET = 11.2;
				MTL_ENABLE_DEBUG_INFO = NO;
				SDKROOT = iphoneos;
				SWIFT_OPTIMIZATION_LEVEL = "-Owholemodule";
				VALIDATE_PRODUCT = YES;
			};
			name = Release;
		};
		6DCB44A12054493C0007C515 /* Debug */ = {
			isa = XCBuildConfiguration;
			buildSettings = {
				ASSETCATALOG_COMPILER_APPICON_NAME = AppIcon;
				CODE_SIGN_STYLE = Automatic;
				DEVELOPMENT_TEAM = QA5WU9F6S6;
				INFOPLIST_FILE = Routes/Info.plist;
				LD_RUNPATH_SEARCH_PATHS = "$(inherited) @executable_path/Frameworks";
				PRODUCT_BUNDLE_IDENTIFIER = "NMSU-Torres.Routes";
				PRODUCT_NAME = "$(TARGET_NAME)";
				SWIFT_VERSION = 4.0;
				TARGETED_DEVICE_FAMILY = "1,2";
			};
			name = Debug;
		};
		6DCB44A22054493C0007C515 /* Release */ = {
			isa = XCBuildConfiguration;
			buildSettings = {
				ASSETCATALOG_COMPILER_APPICON_NAME = AppIcon;
				CODE_SIGN_STYLE = Automatic;
				DEVELOPMENT_TEAM = QA5WU9F6S6;
				INFOPLIST_FILE = Routes/Info.plist;
				LD_RUNPATH_SEARCH_PATHS = "$(inherited) @executable_path/Frameworks";
				PRODUCT_BUNDLE_IDENTIFIER = "NMSU-Torres.Routes";
				PRODUCT_NAME = "$(TARGET_NAME)";
				SWIFT_VERSION = 4.0;
				TARGETED_DEVICE_FAMILY = "1,2";
			};
			name = Release;
		};
/* End XCBuildConfiguration section */

/* Begin XCConfigurationList section */
		6DCB44862054493C0007C515 /* Build configuration list for PBXProject "Routes" */ = {
			isa = XCConfigurationList;
			buildConfigurations = (
				6DCB449E2054493C0007C515 /* Debug */,
				6DCB449F2054493C0007C515 /* Release */,
			);
			defaultConfigurationIsVisible = 0;
			defaultConfigurationName = Release;
		};
		6DCB44A02054493C0007C515 /* Build configuration list for PBXNativeTarget "Routes" */ = {
			isa = XCConfigurationList;
			buildConfigurations = (
				6DCB44A12054493C0007C515 /* Debug */,
				6DCB44A22054493C0007C515 /* Release */,
			);
			defaultConfigurationIsVisible = 0;
			defaultConfigurationName = Release;
		};
/* End XCConfigurationList section */

/* Begin XCVersionGroup section */
		6DCB44952054493C0007C515 /* Routes.xcdatamodeld */ = {
			isa = XCVersionGroup;
			children = (
				6DCB44962054493C0007C515 /* Routes.xcdatamodel */,
			);
			currentVersion = 6DCB44962054493C0007C515 /* Routes.xcdatamodel */;
			path = Routes.xcdatamodeld;
			sourceTree = "<group>";
			versionGroupType = wrapper.xcdatamodel;
		};
/* End XCVersionGroup section */
	};
	rootObject = 6DCB44832054493C0007C515 /* Project object */;
}
